
Microsoft Visual Studio Solution File, Format Version 12.00
# Visual Studio Version 17
VisualStudioVersion = 17.14.37111.16 d17.14
MinimumVisualStudioVersion = 10.0.40219.1
Project("{FAE04EC0-301F-11D3-BF4B-00C04F79EFBC}") = "QuanLiQuanCF", "QuanLiQuanCF\QuanLiQuanCF.csproj", "{8962AA41-7999-43EA-B44A-5E607C3D3138}"
EndProject
Global
	GlobalSection(SolutionConfigurationPlatforms) = preSolution
		Debug|Any CPU = Debug|Any CPU
		Release|Any CPU = Release|Any CPU
	EndGlobalSection
	GlobalSection(ProjectConfigurationPlatforms) = postSolution
		{8962AA41-7999-43EA-B44A-5E607C3D3138}.Debug|Any CPU.ActiveCfg = Debug|Any CPU
		{8962AA41-7999-43EA-B44A-5E607C3D3138}.Debug|Any CPU.Build.0 = Debug|Any CPU
		{8962AA41-7999-43EA-B44A-5E607C3D3138}.Release|Any CPU.ActiveCfg = Release|Any CPU
		{8962AA41-7999-43EA-B44A-5E607C3D3138}.Release|Any CPU.Build.0 = Release|Any CPU
	EndGlobalSection
	GlobalSection(SolutionProperties) = preSolution
		HideSolutionNode = FALSE
	EndGlobalSection
	GlobalSection(ExtensibilityGlobals) = postSolution
		SolutionGuid = {CC8758BC-65AC-49CA-9E8F-7F8009C7991F}
	EndGlobalSection
EndGlobal
